# This file is automatically @generated by Cargo.
# It is not intended for manual editing.
version = 3

[[package]]
name = "cc"
version = "1.0.73"
source = "registry+https://github.com/rust-lang/crates.io-index"
checksum = "2fff2a6927b3bb87f9595d67196a70493f627687a71d87a0d692242c33f58c11"

[[package]]
name = "relative-path"
version = "1.7.2"
source = "registry+https://github.com/rust-lang/crates.io-index"
checksum = "0df32d82cedd1499386877b062ebe8721f806de80b08d183c70184ef17dd1d42"

[[package]]
name = "repro_crash_import_error"
version = "0.1.0"
dependencies = [
 "rquickjs",
]

[[package]]
name = "rquickjs"
version = "0.1.7"
source = "git+https://github.com/DelSkayn/rquickjs?branch=master#7b2c54714d342c04d8653cfcf8e2d52bed9ef0bd"
dependencies = [
 "rquickjs-core",
]

[[package]]
name = "rquickjs-core"
version = "0.1.7"
source = "git+https://github.com/DelSkayn/rquickjs?branch=master#7b2c54714d342c04d8653cfcf8e2d52bed9ef0bd"
dependencies = [
 "relative-path",
 "rquickjs-sys",
]

[[package]]
name = "rquickjs-sys"
version = "0.1.7"
source = "git+https://github.com/DelSkayn/rquickjs?branch=master#7b2c54714d342c04d8653cfcf8e2d52bed9ef0bd"
dependencies = [
 "cc",
]
